
Microsoft Visual Studio Solution File, Format Version 12.00
Project("{FAE04EC0-301F-11D3-BF4B-00C04F79EFBC}") = "_01_Scott_Scaffolding", "_01_Scott_Scaffolding\_01_Scott_Scaffolding.csproj", "{AC90F611-725D-40B8-9E22-BE070DBB9959}"
EndProject
Project("{FAE04EC0-301F-11D3-BF4B-00C04F79EFBC}") = "_02_Books", "_02_Books\_02_Books.csproj", "{8AB791B5-34AB-4957-B5C2-FEC395EE7582}"
EndProject
Global
	GlobalSection(SolutionConfigurationPlatforms) = preSolution
		Debug|Any CPU = Debug|Any CPU
		Release|Any CPU = Release|Any CPU
	EndGlobalSection
	GlobalSection(ProjectConfigurationPlatforms) = postSolution
		{AC90F611-725D-40B8-9E22-BE070DBB9959}.Debug|Any CPU.ActiveCfg = Debug|Any CPU
		{AC90F611-725D-40B8-9E22-BE070DBB9959}.Debug|Any CPU.Build.0 = Debug|Any CPU
		{AC90F611-725D-40B8-9E22-BE070DBB9959}.Release|Any CPU.ActiveCfg = Release|Any CPU
		{AC90F611-725D-40B8-9E22-BE070DBB9959}.Release|Any CPU.Build.0 = Release|Any CPU
		{8AB791B5-34AB-4957-B5C2-FEC395EE7582}.Debug|Any CPU.ActiveCfg = Debug|Any CPU
		{8AB791B5-34AB-4957-B5C2-FEC395EE7582}.Debug|Any CPU.Build.0 = Debug|Any CPU
		{8AB791B5-34AB-4957-B5C2-FEC395EE7582}.Release|Any CPU.ActiveCfg = Release|Any CPU
		{8AB791B5-34AB-4957-B5C2-FEC395EE7582}.Release|Any CPU.Build.0 = Release|Any CPU
	EndGlobalSection
EndGlobal
